
Microsoft Visual Studio Solution File, Format Version 12.00
# Visual Studio Version 16
VisualStudioVersion = 16.0.29020.237
MinimumVisualStudioVersion = 10.0.40219.1
Project("{2150E333-8FDC-42A3-9474-1A3956D46DE8}") = "CreationalPatterns", "CreationalPatterns", "{2DF7EC41-44A5-4110-B2DD-DAD7677C1758}"
EndProject
Project("{FAE04EC0-301F-11D3-BF4B-00C04F79EFBC}") = "01_FactoryPattern", "01_FactoryPattern\01_FactoryPattern.csproj", "{7CAA7185-F43B-4C8B-9538-5A4726603B44}"
EndProject
Project("{FAE04EC0-301F-11D3-BF4B-00C04F79EFBC}") = "02_AbstractFactoryPattern", "02_AbstractFactoryPattern\02_AbstractFactoryPattern.csproj", "{92F814E1-62CE-4316-A56D-F7463936470B}"
EndProject
Project("{FAE04EC0-301F-11D3-BF4B-00C04F79EFBC}") = "03_BuilderPattern", "03_BuilderPattern\03_BuilderPattern.csproj", "{E831D7CF-4CAC-43C1-9F01-1C0C2D5B46D5}"
EndProject
Project("{FAE04EC0-301F-11D3-BF4B-00C04F79EFBC}") = "04_PrototypePattern", "04_PrototypePattern\04_PrototypePattern.csproj", "{F5FAE922-B52F-4C0A-A96C-183F37209B81}"
EndProject
Project("{FAE04EC0-301F-11D3-BF4B-00C04F79EFBC}") = "05_SingletonPattern", "05_SingletonPattern\05_SingletonPattern.csproj", "{C734AAA4-0F61-4AFC-B35F-92005F1D83B3}"
EndProject
Project("{2150E333-8FDC-42A3-9474-1A3956D46DE8}") = "StructuralPatterns", "StructuralPatterns", "{3757092A-8E1B-43C1-B4E6-227F32F06B88}"
EndProject
Project("{FAE04EC0-301F-11D3-BF4B-00C04F79EFBC}") = "AdapterPattern", "AdapterPattern\AdapterPattern.csproj", "{1EB368D1-C266-4219-B247-E2ABDBB0EF19}"
EndProject
Project("{FAE04EC0-301F-11D3-BF4B-00C04F79EFBC}") = "BridgePattern", "BridgePattern\BridgePattern.csproj", "{D70BF3CC-9D24-4233-8A36-7598440170D5}"
EndProject
Project("{FAE04EC0-301F-11D3-BF4B-00C04F79EFBC}") = "CompositePattern", "CompositePattern\CompositePattern.csproj", "{B1425A32-D494-4EF6-80AD-065DD94C5B02}"
EndProject
Project("{FAE04EC0-301F-11D3-BF4B-00C04F79EFBC}") = "DecoratorPattern", "DecoratorPattern\DecoratorPattern.csproj", "{C445A9E4-2852-4089-A921-B5EF4E7D5873}"
EndProject
Project("{FAE04EC0-301F-11D3-BF4B-00C04F79EFBC}") = "FacadePattern", "FacadePattern\FacadePattern.csproj", "{1AF29B96-7028-48A1-9B26-A9236A589EAB}"
EndProject
Project("{FAE04EC0-301F-11D3-BF4B-00C04F79EFBC}") = "FlyweightPattern", "FlyweightPattern\FlyweightPattern.csproj", "{6E14DBEF-7E2F-4882-9A73-C558BCA7E0F5}"
EndProject
Project("{FAE04EC0-301F-11D3-BF4B-00C04F79EFBC}") = "ProxyPattern", "ProxyPattern\ProxyPattern.csproj", "{098820BD-7630-414B-9472-A608BE8CD957}"
EndProject
Project("{2150E333-8FDC-42A3-9474-1A3956D46DE8}") = "BehavioralPatterns", "BehavioralPatterns", "{806AC0BD-CAC9-4033-93D1-5C344C228C50}"
EndProject
Project("{FAE04EC0-301F-11D3-BF4B-00C04F79EFBC}") = "ChainOfResponsibilityPattern", "ChainOfResponsibilityPattern\ChainOfResponsibilityPattern.csproj", "{0DC794F2-6B89-49DB-919B-90A648BBDAF6}"
EndProject
Project("{FAE04EC0-301F-11D3-BF4B-00C04F79EFBC}") = "CommandPattern", "CommandPattern\CommandPattern.csproj", "{616930C2-AD56-4BBC-9541-D3EB574FD6A4}"
EndProject
Project("{FAE04EC0-301F-11D3-BF4B-00C04F79EFBC}") = "InterpreterPattern", "InterpreterPattern\InterpreterPattern.csproj", "{5FDCA327-BA8B-4E1B-8E7A-1C2C3C732F76}"
EndProject
Project("{FAE04EC0-301F-11D3-BF4B-00C04F79EFBC}") = "IteratorPattern", "IteratorPattern\IteratorPattern.csproj", "{703346E2-4495-4304-A060-FEEF865F57EB}"
EndProject
Project("{FAE04EC0-301F-11D3-BF4B-00C04F79EFBC}") = "MediatorPattern", "MediatorPattern\MediatorPattern.csproj", "{DC0DE85F-2835-4AE4-B332-AA137A5DEFC7}"
EndProject
Project("{FAE04EC0-301F-11D3-BF4B-00C04F79EFBC}") = "MementoPattern", "MementoPattern\MementoPattern.csproj", "{CD4EA17F-BB31-49F0-93E5-4C7D1628394F}"
EndProject
Project("{FAE04EC0-301F-11D3-BF4B-00C04F79EFBC}") = "ObserverPattern", "ObserverPattern\ObserverPattern.csproj", "{A4105A53-59A5-439E-8E78-BA326B1CAE40}"
EndProject
Project("{FAE04EC0-301F-11D3-BF4B-00C04F79EFBC}") = "StatePattern", "StatePattern\StatePattern.csproj", "{EBEFA396-11BC-481A-B5B8-EDAC792BB7F2}"
EndProject
Project("{FAE04EC0-301F-11D3-BF4B-00C04F79EFBC}") = "StrategyPattern", "StrategyPattern\StrategyPattern.csproj", "{07E09A36-704A-43E0-A055-EF19A846C5AC}"
EndProject
Project("{FAE04EC0-301F-11D3-BF4B-00C04F79EFBC}") = "TemplateMethodPattern", "TemplateMethodPattern\TemplateMethodPattern.csproj", "{313AF392-0E78-44F9-A9F3-6998A3081392}"
EndProject
Project("{FAE04EC0-301F-11D3-BF4B-00C04F79EFBC}") = "VisitorPattern", "VisitorPattern\VisitorPattern.csproj", "{AD640DEA-CDCA-46BE-A138-2DF72C7B8557}"
EndProject
Global
	GlobalSection(SolutionConfigurationPlatforms) = preSolution
		Debug|Any CPU = Debug|Any CPU
		Release|Any CPU = Release|Any CPU
	EndGlobalSection
	GlobalSection(ProjectConfigurationPlatforms) = postSolution
		{7CAA7185-F43B-4C8B-9538-5A4726603B44}.Debug|Any CPU.ActiveCfg = Debug|Any CPU
		{7CAA7185-F43B-4C8B-9538-5A4726603B44}.Debug|Any CPU.Build.0 = Debug|Any CPU
		{7CAA7185-F43B-4C8B-9538-5A4726603B44}.Release|Any CPU.ActiveCfg = Release|Any CPU
		{7CAA7185-F43B-4C8B-9538-5A4726603B44}.Release|Any CPU.Build.0 = Release|Any CPU
		{92F814E1-62CE-4316-A56D-F7463936470B}.Debug|Any CPU.ActiveCfg = Debug|Any CPU
		{92F814E1-62CE-4316-A56D-F7463936470B}.Debug|Any CPU.Build.0 = Debug|Any CPU
		{92F814E1-62CE-4316-A56D-F7463936470B}.Release|Any CPU.ActiveCfg = Release|Any CPU
		{92F814E1-62CE-4316-A56D-F7463936470B}.Release|Any CPU.Build.0 = Release|Any CPU
		{E831D7CF-4CAC-43C1-9F01-1C0C2D5B46D5}.Debug|Any CPU.ActiveCfg = Debug|Any CPU
		{E831D7CF-4CAC-43C1-9F01-1C0C2D5B46D5}.Debug|Any CPU.Build.0 = Debug|Any CPU
		{E831D7CF-4CAC-43C1-9F01-1C0C2D5B46D5}.Release|Any CPU.ActiveCfg = Release|Any CPU
		{E831D7CF-4CAC-43C1-9F01-1C0C2D5B46D5}.Release|Any CPU.Build.0 = Release|Any CPU
		{F5FAE922-B52F-4C0A-A96C-183F37209B81}.Debug|Any CPU.ActiveCfg = Debug|Any CPU
		{F5FAE922-B52F-4C0A-A96C-183F37209B81}.Debug|Any CPU.Build.0 = Debug|Any CPU
		{F5FAE922-B52F-4C0A-A96C-183F37209B81}.Release|Any CPU.ActiveCfg = Release|Any CPU
		{F5FAE922-B52F-4C0A-A96C-183F37209B81}.Release|Any CPU.Build.0 = Release|Any CPU
		{C734AAA4-0F61-4AFC-B35F-92005F1D83B3}.Debug|Any CPU.ActiveCfg = Debug|Any CPU
		{C734AAA4-0F61-4AFC-B35F-92005F1D83B3}.Debug|Any CPU.Build.0 = Debug|Any CPU
		{C734AAA4-0F61-4AFC-B35F-92005F1D83B3}.Release|Any CPU.ActiveCfg = Release|Any CPU
		{C734AAA4-0F61-4AFC-B35F-92005F1D83B3}.Release|Any CPU.Build.0 = Release|Any CPU
		{1EB368D1-C266-4219-B247-E2ABDBB0EF19}.Debug|Any CPU.ActiveCfg = Debug|Any CPU
		{1EB368D1-C266-4219-B247-E2ABDBB0EF19}.Debug|Any CPU.Build.0 = Debug|Any CPU
		{1EB368D1-C266-4219-B247-E2ABDBB0EF19}.Release|Any CPU.ActiveCfg = Release|Any CPU
		{1EB368D1-C266-4219-B247-E2ABDBB0EF19}.Release|Any CPU.Build.0 = Release|Any CPU
		{D70BF3CC-9D24-4233-8A36-7598440170D5}.Debug|Any CPU.ActiveCfg = Debug|Any CPU
		{D70BF3CC-9D24-4233-8A36-7598440170D5}.Debug|Any CPU.Build.0 = Debug|Any CPU
		{D70BF3CC-9D24-4233-8A36-7598440170D5}.Release|Any CPU.ActiveCfg = Release|Any CPU
		{D70BF3CC-9D24-4233-8A36-7598440170D5}.Release|Any CPU.Build.0 = Release|Any CPU
		{B1425A32-D494-4EF6-80AD-065DD94C5B02}.Debug|Any CPU.ActiveCfg = Debug|Any CPU
		{B1425A32-D494-4EF6-80AD-065DD94C5B02}.Debug|Any CPU.Build.0 = Debug|Any CPU
		{B1425A32-D494-4EF6-80AD-065DD94C5B02}.Release|Any CPU.ActiveCfg = Release|Any CPU
		{B1425A32-D494-4EF6-80AD-065DD94C5B02}.Release|Any CPU.Build.0 = Release|Any CPU
		{C445A9E4-2852-4089-A921-B5EF4E7D5873}.Debug|Any CPU.ActiveCfg = Debug|Any CPU
		{C445A9E4-2852-4089-A921-B5EF4E7D5873}.Debug|Any CPU.Build.0 = Debug|Any CPU
		{C445A9E4-2852-4089-A921-B5EF4E7D5873}.Release|Any CPU.ActiveCfg = Release|Any CPU
		{C445A9E4-2852-4089-A921-B5EF4E7D5873}.Release|Any CPU.Build.0 = Release|Any CPU
		{1AF29B96-7028-48A1-9B26-A9236A589EAB}.Debug|Any CPU.ActiveCfg = Debug|Any CPU
		{1AF29B96-7028-48A1-9B26-A9236A589EAB}.Debug|Any CPU.Build.0 = Debug|Any CPU
		{1AF29B96-7028-48A1-9B26-A9236A589EAB}.Release|Any CPU.ActiveCfg = Release|Any CPU
		{1AF29B96-7028-48A1-9B26-A9236A589EAB}.Release|Any CPU.Build.0 = Release|Any CPU
		{6E14DBEF-7E2F-4882-9A73-C558BCA7E0F5}.Debug|Any CPU.ActiveCfg = Debug|Any CPU
		{6E14DBEF-7E2F-4882-9A73-C558BCA7E0F5}.Debug|Any CPU.Build.0 = Debug|Any CPU
		{6E14DBEF-7E2F-4882-9A73-C558BCA7E0F5}.Release|Any CPU.ActiveCfg = Release|Any CPU
		{6E14DBEF-7E2F-4882-9A73-C558BCA7E0F5}.Release|Any CPU.Build.0 = Release|Any CPU
		{098820BD-7630-414B-9472-A608BE8CD957}.Debug|Any CPU.ActiveCfg = Debug|Any CPU
		{098820BD-7630-414B-9472-A608BE8CD957}.Debug|Any CPU.Build.0 = Debug|Any CPU
		{098820BD-7630-414B-9472-A608BE8CD957}.Release|Any CPU.ActiveCfg = Release|Any CPU
		{098820BD-7630-414B-9472-A608BE8CD957}.Release|Any CPU.Build.0 = Release|Any CPU
		{0DC794F2-6B89-49DB-919B-90A648BBDAF6}.Debug|Any CPU.ActiveCfg = Debug|Any CPU
		{0DC794F2-6B89-49DB-919B-90A648BBDAF6}.Debug|Any CPU.Build.0 = Debug|Any CPU
		{0DC794F2-6B89-49DB-919B-90A648BBDAF6}.Release|Any CPU.ActiveCfg = Release|Any CPU
		{0DC794F2-6B89-49DB-919B-90A648BBDAF6}.Release|Any CPU.Build.0 = Release|Any CPU
		{616930C2-AD56-4BBC-9541-D3EB574FD6A4}.Debug|Any CPU.ActiveCfg = Debug|Any CPU
		{616930C2-AD56-4BBC-9541-D3EB574FD6A4}.Debug|Any CPU.Build.0 = Debug|Any CPU
		{616930C2-AD56-4BBC-9541-D3EB574FD6A4}.Release|Any CPU.ActiveCfg = Release|Any CPU
		{616930C2-AD56-4BBC-9541-D3EB574FD6A4}.Release|Any CPU.Build.0 = Release|Any CPU
		{5FDCA327-BA8B-4E1B-8E7A-1C2C3C732F76}.Debug|Any CPU.ActiveCfg = Debug|Any CPU
		{5FDCA327-BA8B-4E1B-8E7A-1C2C3C732F76}.Debug|Any CPU.Build.0 = Debug|Any CPU
		{5FDCA327-BA8B-4E1B-8E7A-1C2C3C732F76}.Release|Any CPU.ActiveCfg = Release|Any CPU
		{5FDCA327-BA8B-4E1B-8E7A-1C2C3C732F76}.Release|Any CPU.Build.0 = Release|Any CPU
		{703346E2-4495-4304-A060-FEEF865F57EB}.Debug|Any CPU.ActiveCfg = Debug|Any CPU
		{703346E2-4495-4304-A060-FEEF865F57EB}.Debug|Any CPU.Build.0 = Debug|Any CPU
		{703346E2-4495-4304-A060-FEEF865F57EB}.Release|Any CPU.ActiveCfg = Release|Any CPU
		{703346E2-4495-4304-A060-FEEF865F57EB}.Release|Any CPU.Build.0 = Release|Any CPU
		{DC0DE85F-2835-4AE4-B332-AA137A5DEFC7}.Debug|Any CPU.ActiveCfg = Debug|Any CPU
		{DC0DE85F-2835-4AE4-B332-AA137A5DEFC7}.Debug|Any CPU.Build.0 = Debug|Any CPU
		{DC0DE85F-2835-4AE4-B332-AA137A5DEFC7}.Release|Any CPU.ActiveCfg = Release|Any CPU
		{DC0DE85F-2835-4AE4-B332-AA137A5DEFC7}.Release|Any CPU.Build.0 = Release|Any CPU
		{CD4EA17F-BB31-49F0-93E5-4C7D1628394F}.Debug|Any CPU.ActiveCfg = Debug|Any CPU
		{CD4EA17F-BB31-49F0-93E5-4C7D1628394F}.Debug|Any CPU.Build.0 = Debug|Any CPU
		{CD4EA17F-BB31-49F0-93E5-4C7D1628394F}.Release|Any CPU.ActiveCfg = Release|Any CPU
		{CD4EA17F-BB31-49F0-93E5-4C7D1628394F}.Release|Any CPU.Build.0 = Release|Any CPU
		{A4105A53-59A5-439E-8E78-BA326B1CAE40}.Debug|Any CPU.ActiveCfg = Debug|Any CPU
		{A4105A53-59A5-439E-8E78-BA326B1CAE40}.Debug|Any CPU.Build.0 = Debug|Any CPU
		{A4105A53-59A5-439E-8E78-BA326B1CAE40}.Release|Any CPU.ActiveCfg = Release|Any CPU
		{A4105A53-59A5-439E-8E78-BA326B1CAE40}.Release|Any CPU.Build.0 = Release|Any CPU
		{EBEFA396-11BC-481A-B5B8-EDAC792BB7F2}.Debug|Any CPU.ActiveCfg = Debug|Any CPU
		{EBEFA396-11BC-481A-B5B8-EDAC792BB7F2}.Debug|Any CPU.Build.0 = Debug|Any CPU
		{EBEFA396-11BC-481A-B5B8-EDAC792BB7F2}.Release|Any CPU.ActiveCfg = Release|Any CPU
		{EBEFA396-11BC-481A-B5B8-EDAC792BB7F2}.Release|Any CPU.Build.0 = Release|Any CPU
		{07E09A36-704A-43E0-A055-EF19A846C5AC}.Debug|Any CPU.ActiveCfg = Debug|Any CPU
		{07E09A36-704A-43E0-A055-EF19A846C5AC}.Debug|Any CPU.Build.0 = Debug|Any CPU
		{07E09A36-704A-43E0-A055-EF19A846C5AC}.Release|Any CPU.ActiveCfg = Release|Any CPU
		{07E09A36-704A-43E0-A055-EF19A846C5AC}.Release|Any CPU.Build.0 = Release|Any CPU
		{313AF392-0E78-44F9-A9F3-6998A3081392}.Debug|Any CPU.ActiveCfg = Debug|Any CPU
		{313AF392-0E78-44F9-A9F3-6998A3081392}.Debug|Any CPU.Build.0 = Debug|Any CPU
		{313AF392-0E78-44F9-A9F3-6998A3081392}.Release|Any CPU.ActiveCfg = Release|Any CPU
		{313AF392-0E78-44F9-A9F3-6998A3081392}.Release|Any CPU.Build.0 = Release|Any CPU
		{AD640DEA-CDCA-46BE-A138-2DF72C7B8557}.Debug|Any CPU.ActiveCfg = Debug|Any CPU
		{AD640DEA-CDCA-46BE-A138-2DF72C7B8557}.Debug|Any CPU.Build.0 = Debug|Any CPU
		{AD640DEA-CDCA-46BE-A138-2DF72C7B8557}.Release|Any CPU.ActiveCfg = Release|Any CPU
		{AD640DEA-CDCA-46BE-A138-2DF72C7B8557}.Release|Any CPU.Build.0 = Release|Any CPU
	EndGlobalSection
	GlobalSection(SolutionProperties) = preSolution
		HideSolutionNode = FALSE
	EndGlobalSection
	GlobalSection(NestedProjects) = preSolution
		{7CAA7185-F43B-4C8B-9538-5A4726603B44} = {2DF7EC41-44A5-4110-B2DD-DAD7677C1758}
		{92F814E1-62CE-4316-A56D-F7463936470B} = {2DF7EC41-44A5-4110-B2DD-DAD7677C1758}
		{E831D7CF-4CAC-43C1-9F01-1C0C2D5B46D5} = {2DF7EC41-44A5-4110-B2DD-DAD7677C1758}
		{F5FAE922-B52F-4C0A-A96C-183F37209B81} = {2DF7EC41-44A5-4110-B2DD-DAD7677C1758}
		{C734AAA4-0F61-4AFC-B35F-92005F1D83B3} = {2DF7EC41-44A5-4110-B2DD-DAD7677C1758}
		{1EB368D1-C266-4219-B247-E2ABDBB0EF19} = {3757092A-8E1B-43C1-B4E6-227F32F06B88}
		{D70BF3CC-9D24-4233-8A36-7598440170D5} = {3757092A-8E1B-43C1-B4E6-227F32F06B88}
		{B1425A32-D494-4EF6-80AD-065DD94C5B02} = {3757092A-8E1B-43C1-B4E6-227F32F06B88}
		{C445A9E4-2852-4089-A921-B5EF4E7D5873} = {3757092A-8E1B-43C1-B4E6-227F32F06B88}
		{1AF29B96-7028-48A1-9B26-A9236A589EAB} = {3757092A-8E1B-43C1-B4E6-227F32F06B88}
		{6E14DBEF-7E2F-4882-9A73-C558BCA7E0F5} = {3757092A-8E1B-43C1-B4E6-227F32F06B88}
		{098820BD-7630-414B-9472-A608BE8CD957} = {3757092A-8E1B-43C1-B4E6-227F32F06B88}
		{0DC794F2-6B89-49DB-919B-90A648BBDAF6} = {806AC0BD-CAC9-4033-93D1-5C344C228C50}
		{616930C2-AD56-4BBC-9541-D3EB574FD6A4} = {806AC0BD-CAC9-4033-93D1-5C344C228C50}
		{5FDCA327-BA8B-4E1B-8E7A-1C2C3C732F76} = {806AC0BD-CAC9-4033-93D1-5C344C228C50}
		{703346E2-4495-4304-A060-FEEF865F57EB} = {806AC0BD-CAC9-4033-93D1-5C344C228C50}
		{DC0DE85F-2835-4AE4-B332-AA137A5DEFC7} = {806AC0BD-CAC9-4033-93D1-5C344C228C50}
		{CD4EA17F-BB31-49F0-93E5-4C7D1628394F} = {806AC0BD-CAC9-4033-93D1-5C344C228C50}
		{A4105A53-59A5-439E-8E78-BA326B1CAE40} = {806AC0BD-CAC9-4033-93D1-5C344C228C50}
		{EBEFA396-11BC-481A-B5B8-EDAC792BB7F2} = {806AC0BD-CAC9-4033-93D1-5C344C228C50}
		{07E09A36-704A-43E0-A055-EF19A846C5AC} = {806AC0BD-CAC9-4033-93D1-5C344C228C50}
		{313AF392-0E78-44F9-A9F3-6998A3081392} = {806AC0BD-CAC9-4033-93D1-5C344C228C50}
		{AD640DEA-CDCA-46BE-A138-2DF72C7B8557} = {806AC0BD-CAC9-4033-93D1-5C344C228C50}
	EndGlobalSection
	GlobalSection(ExtensibilityGlobals) = postSolution
		SolutionGuid = {A421A6FD-49CE-4CA3-8522-22417F080626}
	EndGlobalSection
EndGlobal
